
Microsoft Visual Studio Solution File, Format Version 12.00
# Visual Studio 15
VisualStudioVersion = 15.0.28307.757
MinimumVisualStudioVersion = 10.0.40219.1
Project("{FAE04EC0-301F-11D3-BF4B-00C04F79EFBC}") = "DesktopClock", "DesktopClock\DesktopClock.csproj", "{FABC3D20-E8E0-492B-A788-3E51CDBC6B30}"
EndProject
Global
	GlobalSection(SolutionConfigurationPlatforms) = preSolution
		Debug|Any CPU = Debug|Any CPU
		Release|Any CPU = Release|Any CPU
	EndGlobalSection
	GlobalSection(ProjectConfigurationPlatforms) = postSolution
		{FABC3D20-E8E0-492B-A788-3E51CDBC6B30}.Debug|Any CPU.ActiveCfg = Debug|Any CPU
		{FABC3D20-E8E0-492B-A788-3E51CDBC6B30}.Debug|Any CPU.Build.0 = Debug|Any CPU
		{FABC3D20-E8E0-492B-A788-3E51CDBC6B30}.Release|Any CPU.ActiveCfg = Release|Any CPU
		{FABC3D20-E8E0-492B-A788-3E51CDBC6B30}.Release|Any CPU.Build.0 = Release|Any CPU
	EndGlobalSection
	GlobalSection(SolutionProperties) = preSolution
		HideSolutionNode = FALSE
	EndGlobalSection
	GlobalSection(ExtensibilityGlobals) = postSolution
		SolutionGuid = {15E42A91-9008-41DA-A829-09C00A3B5BC1}
	EndGlobalSection
EndGlobal
